
Microsoft Visual Studio Solution File, Format Version 12.00
# Visual Studio 15
VisualStudioVersion = 15.0.27004.2005
MinimumVisualStudioVersion = 10.0.40219.1
Project("{FAE04EC0-301F-11D3-BF4B-00C04F79EFBC}") = "FalloutBatchMaker", "FalloutBatchMaker.csproj", "{CFA8A488-4DE0-4171-9F38-C8ECB2B9573B}"
EndProject
Global
	GlobalSection(SolutionConfigurationPlatforms) = preSolution
		Debug|Any CPU = Debug|Any CPU
		Release|Any CPU = Release|Any CPU
	EndGlobalSection
	GlobalSection(ProjectConfigurationPlatforms) = postSolution
		{CFA8A488-4DE0-4171-9F38-C8ECB2B9573B}.Debug|Any CPU.ActiveCfg = Debug|Any CPU
		{CFA8A488-4DE0-4171-9F38-C8ECB2B9573B}.Debug|Any CPU.Build.0 = Debug|Any CPU
		{CFA8A488-4DE0-4171-9F38-C8ECB2B9573B}.Release|Any CPU.ActiveCfg = Release|Any CPU
		{CFA8A488-4DE0-4171-9F38-C8ECB2B9573B}.Release|Any CPU.Build.0 = Release|Any CPU
	EndGlobalSection
	GlobalSection(SolutionProperties) = preSolution
		HideSolutionNode = FALSE
	EndGlobalSection
	GlobalSection(ExtensibilityGlobals) = postSolution
		SolutionGuid = {838DCE06-1051-4000-A494-4A0FE4F7CBB1}
	EndGlobalSection
EndGlobal
